{
    "_readme": [
        "This file locks the dependencies of your project to a known state",
        "Read more about it at https://getcomposer.org/doc/01-basic-usage.md#installing-dependencies",
        "This file is @generated automatically"
    ],
    "content-hash": "7a0f2648781d07b2974523327c02f34c",
    "packages": [
        {
            "name": "drupal/adminimal_theme",
            "version": "1.5.0",
            "source": {
                "type": "git",
                "url": "https://git.drupalcode.org/project/adminimal_theme.git",
                "reference": "8.x-1.5"
            },
            "dist": {
                "type": "zip",
                "url": "https://ftp.drupal.org/files/projects/adminimal_theme-8.x-1.5.zip",
                "reference": "8.x-1.5",
                "shasum": "fb4457015d743faafecaa0776d2bebf2829a6738"
            },
            "require": {
                "drupal/core": "~8.0"
            },
            "type": "drupal-theme",
            "extra": {
                "drupal": {
                    "version": "8.x-1.5",
                    "datestamp": "1558584484",
                    "security-coverage": {
                        "status": "covered",
                        "message": "Covered by Drupal's security advisory policy"
                    }
                }
            },
            "notification-url": "https://packages.drupal.org/8/downloads",
            "license": [
                "GPL-2.0+"
            ],
            "authors": [
                {
                    "name": "ANDiTKO",
                    "homepage": "https://www.drupal.org/user/1428124"
                },
                {
                    "name": "andrey.troeglazov",
                    "homepage": "https://www.drupal.org/user/3145389"
                },
                {
                    "name": "realityloop",
                    "homepage": "https://www.drupal.org/user/139189"
                }
            ],
            "description": "Drupal administration theme with modern minimalist design.",
            "homepage": "https://www.drupal.org/project/adminimal_theme",
            "support": {
                "source": "https://git.drupalcode.org/project/adminimal_theme",
                "issues": "https://www.drupal.org/project/issues/adminimal_theme"
            }
        },
        {
            "name": "drupal/config_update",
            "version": "1.7.0",
            "source": {
                "type": "git",
                "url": "https://git.drupalcode.org/project/config_update.git",
                "reference": "8.x-1.7"
            },
            "dist": {
                "type": "zip",
                "url": "https://ftp.drupal.org/files/projects/config_update-8.x-1.7.zip",
                "reference": "8.x-1.7",
                "shasum": "8f079abf7c2ea826a27fa5224b0770a26404c968"
            },
            "require": {
                "drupal/core": "^8 || ^9"
            },
            "type": "drupal-module",
            "extra": {
                "drupal": {
                    "version": "8.x-1.7",
                    "datestamp": "1586355587",
                    "security-coverage": {
                        "status": "covered",
                        "message": "Covered by Drupal's security advisory policy"
                    }
                }
            },
            "notification-url": "https://packages.drupal.org/8/downloads",
            "license": [
                "GPL-2.0-or-later"
            ],
            "authors": [
                {
                    "name": "jhodgdon",
                    "homepage": "https://www.drupal.org/user/155601"
                },
                {
                    "name": "nedjo",
                    "homepage": "https://www.drupal.org/user/4481"
                }
            ],
            "description": "Provides basic revert and update functionality for other modules",
            "homepage": "https://www.drupal.org/project/config_update",
            "support": {
                "source": "https://git.drupalcode.org/project/config_update"
            }
        },
        {
            "name": "drupal/migrate_plus",
            "version": "5.1.0",
            "source": {
                "type": "git",
                "url": "https://git.drupalcode.org/project/migrate_plus.git",
                "reference": "8.x-5.1"
            },
            "dist": {
                "type": "zip",
                "url": "https://ftp.drupal.org/files/projects/migrate_plus-8.x-5.1.zip",
                "reference": "8.x-5.1",
                "shasum": "1257427ab0c64459c3c1e42bb2a98d3114b77163"
            },
            "require": {
                "drupal/core": "^8.8 || ^9",
                "php": ">=7.1"
            },
            "require-dev": {
                "drupal/migrate_example_advanced_setup": "*",
                "drupal/migrate_example_setup": "*"
            },
            "suggest": {
                "ext-soap": "*",
                "sainsburys/guzzle-oauth2-plugin": "3.0 required for the OAuth2 authentication plugin"
            },
            "type": "drupal-module",
            "extra": {
                "drupal": {
                    "version": "8.x-5.1",
                    "datestamp": "1588261060",
                    "security-coverage": {
                        "status": "covered",
                        "message": "Covered by Drupal's security advisory policy"
                    }
                }
            },
            "notification-url": "https://packages.drupal.org/8/downloads",
            "license": [
                "GPL-2.0-or-later"
            ],
            "authors": [
                {
                    "name": "Mike Ryan",
                    "homepage": "https://www.drupal.org/u/mikeryan",
                    "role": "Maintainer"
                },
                {
                    "name": "Lucas Hedding",
                    "homepage": "https://www.drupal.org/u/heddn",
                    "role": "Maintainer"
                }
            ],
            "description": "Enhancements to core migration support.",
            "homepage": "https://www.drupal.org/project/migrate_plus",
            "support": {
                "source": "https://git.drupalcode.org/project/migrate_plus",
                "issues": "https://www.drupal.org/project/issues/migrate_plus",
                "slack": "#migrate"
            }
        },
        {
            "name": "drupal/migrate_tools",
            "version": "5.0.0",
            "source": {
                "type": "git",
                "url": "https://git.drupalcode.org/project/migrate_tools.git",
                "reference": "8.x-5.0"
            },
            "dist": {
                "type": "zip",
                "url": "https://ftp.drupal.org/files/projects/migrate_tools-8.x-5.0.zip",
                "reference": "8.x-5.0",
                "shasum": "b7c91aa6f7de9d6d548f65f83c8736e47e5926a1"
            },
            "require": {
                "drupal/core": "^8.8 | ^9",
                "drupal/migrate_plus": "^5",
                "php": ">=7.1"
            },
            "require-dev": {
                "drupal/migrate_plus": "^5",
                "drupal/migrate_source_csv": "^3",
                "drush/drush": "^10"
            },
            "suggest": {
                "drush/drush": "^9 || ^10"
            },
            "type": "drupal-module",
            "extra": {
                "drupal": {
                    "version": "8.x-5.0",
                    "datestamp": "1588260531",
                    "security-coverage": {
                        "status": "covered",
                        "message": "Covered by Drupal's security advisory policy"
                    }
                },
                "drush": {
                    "services": {
                        "drush.services.yml": "^9 || ^10"
                    }
                }
            },
            "notification-url": "https://packages.drupal.org/8/downloads",
            "license": [
                "GPL-2.0-or-later"
            ],
            "authors": [
                {
                    "name": "Mike Ryan",
                    "homepage": "https://www.drupal.org/u/mikeryan",
                    "role": "Maintainer"
                },
                {
                    "name": "Lucas Hedding",
                    "homepage": "https://www.drupal.org/u/heddn",
                    "role": "Maintainer"
                }
            ],
            "description": "Tools to assist in developing and running migrations.",
            "homepage": "http://drupal.org/project/migrate_tools",
            "support": {
                "source": "https://git.drupalcode.org/project/migrate_tools",
                "issues": "https://www.drupal.org/project/issues/migrate_tools",
                "slack": "#migrate"
            }
        }
    ],
    "packages-dev": [
        {
            "name": "composer/installers",
            "version": "v1.7.0",
            "source": {
                "type": "git",
                "url": "https://github.com/composer/installers.git",
                "reference": "141b272484481432cda342727a427dc1e206bfa0"
            },
            "dist": {
                "type": "zip",
                "url": "https://api.github.com/repos/composer/installers/zipball/141b272484481432cda342727a427dc1e206bfa0",
                "reference": "141b272484481432cda342727a427dc1e206bfa0",
                "shasum": ""
            },
            "require": {
                "composer-plugin-api": "^1.0"
            },
            "replace": {
                "roundcube/plugin-installer": "*",
                "shama/baton": "*"
            },
            "require-dev": {
                "composer/composer": "1.0.*@dev",
                "phpunit/phpunit": "^4.8.36"
            },
            "type": "composer-plugin",
            "extra": {
                "class": "Composer\\Installers\\Plugin",
                "branch-alias": {
                    "dev-master": "1.0-dev"
                }
            },
            "autoload": {
                "psr-4": {
                    "Composer\\Installers\\": "src/Composer/Installers"
                }
            },
            "notification-url": "https://packagist.org/downloads/",
            "license": [
                "MIT"
            ],
            "authors": [
                {
                    "name": "Kyle Robinson Young",
                    "email": "kyle@dontkry.com",
                    "homepage": "https://github.com/shama"
                }
            ],
            "description": "A multi-framework Composer library installer",
            "homepage": "https://composer.github.io/installers/",
            "keywords": [
                "Craft",
                "Dolibarr",
                "Eliasis",
                "Hurad",
                "ImageCMS",
                "Kanboard",
                "Lan Management System",
                "MODX Evo",
                "Mautic",
                "Maya",
                "OXID",
                "Plentymarkets",
                "Porto",
                "RadPHP",
                "SMF",
                "Thelia",
                "Whmcs",
                "WolfCMS",
                "agl",
                "aimeos",
                "annotatecms",
                "attogram",
                "bitrix",
                "cakephp",
                "chef",
                "cockpit",
                "codeigniter",
                "concrete5",
                "croogo",
                "dokuwiki",
                "drupal",
                "eZ Platform",
                "elgg",
                "expressionengine",
                "fuelphp",
                "grav",
                "installer",
                "itop",
                "joomla",
                "known",
                "kohana",
                "laravel",
                "lavalite",
                "lithium",
                "magento",
                "majima",
                "mako",
                "mediawiki",
                "modulework",
                "modx",
                "moodle",
                "osclass",
                "phpbb",
                "piwik",
                "ppi",
                "puppet",
                "pxcms",
                "reindex",
                "roundcube",
                "shopware",
                "silverstripe",
                "sydes",
                "symfony",
                "typo3",
                "wordpress",
                "yawik",
                "zend",
                "zikula"
            ],
            "time": "2019-08-12T15:00:31+00:00"
        },
        {
            "name": "oomphinc/composer-installers-extender",
            "version": "v1.1.2",
            "source": {
                "type": "git",
                "url": "https://github.com/oomphinc/composer-installers-extender.git",
                "reference": "ca1c4b16b0905c81d1e77e608f36a2eff1a56f56"
            },
            "dist": {
                "type": "zip",
                "url": "https://api.github.com/repos/oomphinc/composer-installers-extender/zipball/ca1c4b16b0905c81d1e77e608f36a2eff1a56f56",
                "reference": "ca1c4b16b0905c81d1e77e608f36a2eff1a56f56",
                "shasum": ""
            },
            "require": {
                "composer-plugin-api": "^1.0",
                "composer/installers": "^1.0"
            },
            "type": "composer-plugin",
            "extra": {
                "class": "OomphInc\\ComposerInstallersExtender\\Plugin"
            },
            "autoload": {
                "psr-4": {
                    "OomphInc\\ComposerInstallersExtender\\": "src/"
                }
            },
            "notification-url": "https://packagist.org/downloads/",
            "license": [
                "MIT"
            ],
            "authors": [
                {
                    "name": "Stephen Beemsterboer",
                    "email": "stephen@oomphinc.com",
                    "homepage": "https://github.com/balbuf"
                }
            ],
            "description": "Extend the composer/installers plugin to accept any arbitrary package type.",
            "homepage": "http://www.oomphinc.com/",
            "time": "2017-03-31T16:57:39+00:00"
        }
    ],
    "aliases": [],
    "minimum-stability": "stable",
    "stability-flags": [],
    "prefer-stable": false,
    "prefer-lowest": false,
    "platform": [],
    "platform-dev": [],
    "plugin-api-version": "1.1.0"
}
